
Microsoft Visual Studio Solution File, Format Version 12.00
# Visual Studio 15
VisualStudioVersion = 15.0.28307.136
MinimumVisualStudioVersion = 10.0.40219.1
Project("{FAE04EC0-301F-11D3-BF4B-00C04F79EFBC}") = "BurgerCity", "BurgerCity\BurgerCity.csproj", "{2C535F54-CB2A-43B2-9448-81578FD812C3}"
EndProject
Global
	GlobalSection(SolutionConfigurationPlatforms) = preSolution
		Debug|Any CPU = Debug|Any CPU
		Release|Any CPU = Release|Any CPU
	EndGlobalSection
	GlobalSection(ProjectConfigurationPlatforms) = postSolution
		{2C535F54-CB2A-43B2-9448-81578FD812C3}.Debug|Any CPU.ActiveCfg = Debug|Any CPU
		{2C535F54-CB2A-43B2-9448-81578FD812C3}.Debug|Any CPU.Build.0 = Debug|Any CPU
		{2C535F54-CB2A-43B2-9448-81578FD812C3}.Release|Any CPU.ActiveCfg = Release|Any CPU
		{2C535F54-CB2A-43B2-9448-81578FD812C3}.Release|Any CPU.Build.0 = Release|Any CPU
	EndGlobalSection
	GlobalSection(SolutionProperties) = preSolution
		HideSolutionNode = FALSE
	EndGlobalSection
	GlobalSection(ExtensibilityGlobals) = postSolution
		SolutionGuid = {1CF80AF0-B4A3-4B14-AFDE-55FE3CC31608}
	EndGlobalSection
EndGlobal
